// !$*UTF8*$!
{
	archiveVersion = 1;
	classes = {
	};
	objectVersion = 51;
	objects = {

/* Begin PBXBuildFile section */
		E5FAEED889DB2AEEB914A272 /* Pods_whereIsIt.framework in Frameworks */ = {isa = PBXBuildFile; fileRef = A83649E29B4BC4F626171B6E /* Pods_whereIsIt.framework */; };
		E851A9E525036E6500AE5CF5 /* AddTextNameToListViewController.swift in Sources */ = {isa = PBXBuildFile; fileRef = E851A9E425036E6500AE5CF5 /* AddTextNameToListViewController.swift */; };
		E851A9E72503A35E00AE5CF5 /* Realm.swift in Sources */ = {isa = PBXBuildFile; fileRef = E851A9E62503A35E00AE5CF5 /* Realm.swift */; };
		E89FB59724E686420004A2E7 /* AppDelegate.swift in Sources */ = {isa = PBXBuildFile; fileRef = E89FB59624E686420004A2E7 /* AppDelegate.swift */; };
		E89FB59924E686420004A2E7 /* SceneDelegate.swift in Sources */ = {isa = PBXBuildFile; fileRef = E89FB59824E686420004A2E7 /* SceneDelegate.swift */; };
		E89FB5A024E686420004A2E7 /* Main.storyboard in Resources */ = {isa = PBXBuildFile; fileRef = E89FB59E24E686420004A2E7 /* Main.storyboard */; };
		E89FB5A224E686430004A2E7 /* Assets.xcassets in Resources */ = {isa = PBXBuildFile; fileRef = E89FB5A124E686430004A2E7 /* Assets.xcassets */; };
		E89FB5A524E686430004A2E7 /* LaunchScreen.storyboard in Resources */ = {isa = PBXBuildFile; fileRef = E89FB5A324E686430004A2E7 /* LaunchScreen.storyboard */; };
		E89FB5B024E686430004A2E7 /* whereIsItTests.swift in Sources */ = {isa = PBXBuildFile; fileRef = E89FB5AF24E686430004A2E7 /* whereIsItTests.swift */; };
		E89FB5BB24E686430004A2E7 /* whereIsItUITests.swift in Sources */ = {isa = PBXBuildFile; fileRef = E89FB5BA24E686430004A2E7 /* whereIsItUITests.swift */; };
		E89FB5CE24E686A20004A2E7 /* bookInHouseIcon.png in Resources */ = {isa = PBXBuildFile; fileRef = E89FB5C924E686A20004A2E7 /* bookInHouseIcon.png */; };
		E89FB5CF24E686A20004A2E7 /* icon.png in Resources */ = {isa = PBXBuildFile; fileRef = E89FB5CA24E686A20004A2E7 /* icon.png */; };
		E89FB5D024E686A20004A2E7 /* rockerIcon.png in Resources */ = {isa = PBXBuildFile; fileRef = E89FB5CB24E686A20004A2E7 /* rockerIcon.png */; };
		E89FB5D124E686A20004A2E7 /* textIcon.png in Resources */ = {isa = PBXBuildFile; fileRef = E89FB5CC24E686A20004A2E7 /* textIcon.png */; };
		E89FB5D224E686A20004A2E7 /* bagIcon.png in Resources */ = {isa = PBXBuildFile; fileRef = E89FB5CD24E686A20004A2E7 /* bagIcon.png */; };
		E8ADFEC824FA518800E95E4C /* dokoniaruLanchScreen.png in Resources */ = {isa = PBXBuildFile; fileRef = E8ADFEC724FA518800E95E4C /* dokoniaruLanchScreen.png */; };
		E8ADFECA24FA547100E95E4C /* TextListViewController.swift in Sources */ = {isa = PBXBuildFile; fileRef = E8ADFEC924FA547100E95E4C /* TextListViewController.swift */; };
		E8ADFECC24FA54F800E95E4C /* HomeTextListViewController.swift in Sources */ = {isa = PBXBuildFile; fileRef = E8ADFECB24FA54F800E95E4C /* HomeTextListViewController.swift */; };
		E8ADFECE24FA553E00E95E4C /* RockerListTextViewController.swift in Sources */ = {isa = PBXBuildFile; fileRef = E8ADFECD24FA553E00E95E4C /* RockerListTextViewController.swift */; };
		E8ADFED024FA556500E95E4C /* BagTextListViewController.swift in Sources */ = {isa = PBXBuildFile; fileRef = E8ADFECF24FA556500E95E4C /* BagTextListViewController.swift */; };
/* End PBXBuildFile section */

/* Begin PBXContainerItemProxy section */
		E89FB5AC24E686430004A2E7 /* PBXContainerItemProxy */ = {
			isa = PBXContainerItemProxy;
			containerPortal = E89FB58B24E686420004A2E7 /* Project object */;
			proxyType = 1;
			remoteGlobalIDString = E89FB59224E686420004A2E7;
			remoteInfo = whereIsIt;
		};
		E89FB5B724E686430004A2E7 /* PBXContainerItemProxy */ = {
			isa = PBXContainerItemProxy;
			containerPortal = E89FB58B24E686420004A2E7 /* Project object */;
			proxyType = 1;
			remoteGlobalIDString = E89FB59224E686420004A2E7;
			remoteInfo = whereIsIt;
		};
/* End PBXContainerItemProxy section */

/* Begin PBXFileReference section */
		50E279F880401734E2C5D3EE /* Pods-whereIsIt.release.xcconfig */ = {isa = PBXFileReference; includeInIndex = 1; lastKnownFileType = text.xcconfig; name = "Pods-whereIsIt.release.xcconfig"; path = "Target Support Files/Pods-whereIsIt/Pods-whereIsIt.release.xcconfig"; sourceTree = "<group>"; };
		52D0E739E378ED4B98ACCBE8 /* Pods-whereIsIt.debug.xcconfig */ = {isa = PBXFileReference; includeInIndex = 1; lastKnownFileType = text.xcconfig; name = "Pods-whereIsIt.debug.xcconfig"; path = "Target Support Files/Pods-whereIsIt/Pods-whereIsIt.debug.xcconfig"; sourceTree = "<group>"; };
		A83649E29B4BC4F626171B6E /* Pods_whereIsIt.framework */ = {isa = PBXFileReference; explicitFileType = wrapper.framework; includeInIndex = 0; path = Pods_whereIsIt.framework; sourceTree = BUILT_PRODUCTS_DIR; };
		E851A9E425036E6500AE5CF5 /* AddTextNameToListViewController.swift */ = {isa = PBXFileReference; lastKnownFileType = sourcecode.swift; path = AddTextNameToListViewController.swift; sourceTree = "<group>"; };
		E851A9E62503A35E00AE5CF5 /* Realm.swift */ = {isa = PBXFileReference; lastKnownFileType = sourcecode.swift; path = Realm.swift; sourceTree = "<group>"; };
		E89FB59324E686420004A2E7 /* whereIsIt.app */ = {isa = PBXFileReference; explicitFileType = wrapper.application; includeInIndex = 0; path = whereIsIt.app; sourceTree = BUILT_PRODUCTS_DIR; };
		E89FB59624E686420004A2E7 /* AppDelegate.swift */ = {isa = PBXFileReference; lastKnownFileType = sourcecode.swift; path = AppDelegate.swift; sourceTree = "<group>"; };
		E89FB59824E686420004A2E7 /* SceneDelegate.swift */ = {isa = PBXFileReference; lastKnownFileType = sourcecode.swift; path = SceneDelegate.swift; sourceTree = "<group>"; };
		E89FB59F24E686420004A2E7 /* Base */ = {isa = PBXFileReference; lastKnownFileType = file.storyboard; name = Base; path = Base.lproj/Main.storyboard; sourceTree = "<group>"; };
		E89FB5A124E686430004A2E7 /* Assets.xcassets */ = {isa = PBXFileReference; lastKnownFileType = folder.assetcatalog; path = Assets.xcassets; sourceTree = "<group>"; };
		E89FB5A424E686430004A2E7 /* Base */ = {isa = PBXFileReference; lastKnownFileType = file.storyboard; name = Base; path = Base.lproj/LaunchScreen.storyboard; sourceTree = "<group>"; };
		E89FB5A624E686430004A2E7 /* Info.plist */ = {isa = PBXFileReference; lastKnownFileType = text.plist.xml; path = Info.plist; sourceTree = "<group>"; };
		E89FB5AB24E686430004A2E7 /* whereIsItTests.xctest */ = {isa = PBXFileReference; explicitFileType = wrapper.cfbundle; includeInIndex = 0; path = whereIsItTests.xctest; sourceTree = BUILT_PRODUCTS_DIR; };
		E89FB5AF24E686430004A2E7 /* whereIsItTests.swift */ = {isa = PBXFileReference; lastKnownFileType = sourcecode.swift; path = whereIsItTests.swift; sourceTree = "<group>"; };
		E89FB5B124E686430004A2E7 /* Info.plist */ = {isa = PBXFileReference; lastKnownFileType = text.plist.xml; path = Info.plist; sourceTree = "<group>"; };
		E89FB5B624E686430004A2E7 /* whereIsItUITests.xctest */ = {isa = PBXFileReference; explicitFileType = wrapper.cfbundle; includeInIndex = 0; path = whereIsItUITests.xctest; sourceTree = BUILT_PRODUCTS_DIR; };
		E89FB5BA24E686430004A2E7 /* whereIsItUITests.swift */ = {isa = PBXFileReference; lastKnownFileType = sourcecode.swift; path = whereIsItUITests.swift; sourceTree = "<group>"; };
		E89FB5BC24E686430004A2E7 /* Info.plist */ = {isa = PBXFileReference; lastKnownFileType = text.plist.xml; path = Info.plist; sourceTree = "<group>"; };
		E89FB5C924E686A20004A2E7 /* bookInHouseIcon.png */ = {isa = PBXFileReference; lastKnownFileType = image.png; path = bookInHouseIcon.png; sourceTree = "<group>"; };
		E89FB5CA24E686A20004A2E7 /* icon.png */ = {isa = PBXFileReference; lastKnownFileType = image.png; path = icon.png; sourceTree = "<group>"; };
		E89FB5CB24E686A20004A2E7 /* rockerIcon.png */ = {isa = PBXFileReference; lastKnownFileType = image.png; path = rockerIcon.png; sourceTree = "<group>"; };
		E89FB5CC24E686A20004A2E7 /* textIcon.png */ = {isa = PBXFileReference; lastKnownFileType = image.png; path = textIcon.png; sourceTree = "<group>"; };
		E89FB5CD24E686A20004A2E7 /* bagIcon.png */ = {isa = PBXFileReference; lastKnownFileType = image.png; path = bagIcon.png; sourceTree = "<group>"; };
		E8ADFEC724FA518800E95E4C /* dokoniaruLanchScreen.png */ = {isa = PBXFileReference; lastKnownFileType = image.png; name = dokoniaruLanchScreen.png; path = whereIsItItem/dokoniaruLanchScreen.png; sourceTree = SOURCE_ROOT; };
		E8ADFEC924FA547100E95E4C /* TextListViewController.swift */ = {isa = PBXFileReference; lastKnownFileType = sourcecode.swift; path = TextListViewController.swift; sourceTree = "<group>"; };
		E8ADFECB24FA54F800E95E4C /* HomeTextListViewController.swift */ = {isa = PBXFileReference; lastKnownFileType = sourcecode.swift; path = HomeTextListViewController.swift; sourceTree = "<group>"; };
		E8ADFECD24FA553E00E95E4C /* RockerListTextViewController.swift */ = {isa = PBXFileReference; lastKnownFileType = sourcecode.swift; path = RockerListTextViewController.swift; sourceTree = "<group>"; };
		E8ADFECF24FA556500E95E4C /* BagTextListViewController.swift */ = {isa = PBXFileReference; lastKnownFileType = sourcecode.swift; path = BagTextListViewController.swift; sourceTree = "<group>"; };
/* End PBXFileReference section */

/* Begin PBXFrameworksBuildPhase section */
		E89FB59024E686420004A2E7 /* Frameworks */ = {
			isa = PBXFrameworksBuildPhase;
			buildActionMask = 2147483647;
			files = (
				E5FAEED889DB2AEEB914A272 /* Pods_whereIsIt.framework in Frameworks */,
			);
			runOnlyForDeploymentPostprocessing = 0;
		};
		E89FB5A824E686430004A2E7 /* Frameworks */ = {
			isa = PBXFrameworksBuildPhase;
			buildActionMask = 2147483647;
			files = (
			);
			runOnlyForDeploymentPostprocessing = 0;
		};
		E89FB5B324E686430004A2E7 /* Frameworks */ = {
			isa = PBXFrameworksBuildPhase;
			buildActionMask = 2147483647;
			files = (
			);
			runOnlyForDeploymentPostprocessing = 0;
		};
/* End PBXFrameworksBuildPhase section */

/* Begin PBXGroup section */
		23E23E572CC4A77ABE06CCF8 /* Pods */ = {
			isa = PBXGroup;
			children = (
				52D0E739E378ED4B98ACCBE8 /* Pods-whereIsIt.debug.xcconfig */,
				50E279F880401734E2C5D3EE /* Pods-whereIsIt.release.xcconfig */,
			);
			path = Pods;
			sourceTree = "<group>";
		};
		3001F0FF94CCA9199D29E3FA /* Frameworks */ = {
			isa = PBXGroup;
			children = (
				A83649E29B4BC4F626171B6E /* Pods_whereIsIt.framework */,
			);
			name = Frameworks;
			sourceTree = "<group>";
		};
		E89FB58A24E686420004A2E7 = {
			isa = PBXGroup;
			children = (
				E89FB59524E686420004A2E7 /* whereIsIt */,
				E89FB5AE24E686430004A2E7 /* whereIsItTests */,
				E89FB5B924E686430004A2E7 /* whereIsItUITests */,
				E89FB59424E686420004A2E7 /* Products */,
				23E23E572CC4A77ABE06CCF8 /* Pods */,
				3001F0FF94CCA9199D29E3FA /* Frameworks */,
			);
			sourceTree = "<group>";
		};
		E89FB59424E686420004A2E7 /* Products */ = {
			isa = PBXGroup;
			children = (
				E89FB59324E686420004A2E7 /* whereIsIt.app */,
				E89FB5AB24E686430004A2E7 /* whereIsItTests.xctest */,
				E89FB5B624E686430004A2E7 /* whereIsItUITests.xctest */,
			);
			name = Products;
			sourceTree = "<group>";
		};
		E89FB59524E686420004A2E7 /* whereIsIt */ = {
			isa = PBXGroup;
			children = (
				E8ADFEC724FA518800E95E4C /* dokoniaruLanchScreen.png */,
				E89FB5C824E686A20004A2E7 /* whereIsItItem */,
				E89FB59624E686420004A2E7 /* AppDelegate.swift */,
				E89FB59824E686420004A2E7 /* SceneDelegate.swift */,
				E89FB59E24E686420004A2E7 /* Main.storyboard */,
				E89FB5A124E686430004A2E7 /* Assets.xcassets */,
				E89FB5A324E686430004A2E7 /* LaunchScreen.storyboard */,
				E89FB5A624E686430004A2E7 /* Info.plist */,
				E8ADFEC924FA547100E95E4C /* TextListViewController.swift */,
				E8ADFECB24FA54F800E95E4C /* HomeTextListViewController.swift */,
				E8ADFECD24FA553E00E95E4C /* RockerListTextViewController.swift */,
				E8ADFECF24FA556500E95E4C /* BagTextListViewController.swift */,
				E851A9E425036E6500AE5CF5 /* AddTextNameToListViewController.swift */,
				E851A9E62503A35E00AE5CF5 /* Realm.swift */,
			);
			path = whereIsIt;
			sourceTree = "<group>";
		};
		E89FB5AE24E686430004A2E7 /* whereIsItTests */ = {
			isa = PBXGroup;
			children = (
				E89FB5AF24E686430004A2E7 /* whereIsItTests.swift */,
				E89FB5B124E686430004A2E7 /* Info.plist */,
			);
			path = whereIsItTests;
			sourceTree = "<group>";
		};
		E89FB5B924E686430004A2E7 /* whereIsItUITests */ = {
			isa = PBXGroup;
			children = (
				E89FB5BA24E686430004A2E7 /* whereIsItUITests.swift */,
				E89FB5BC24E686430004A2E7 /* Info.plist */,
			);
			path = whereIsItUITests;
			sourceTree = "<group>";
		};
		E89FB5C824E686A20004A2E7 /* whereIsItItem */ = {
			isa = PBXGroup;
			children = (
				E89FB5C924E686A20004A2E7 /* bookInHouseIcon.png */,
				E89FB5CA24E686A20004A2E7 /* icon.png */,
				E89FB5CB24E686A20004A2E7 /* rockerIcon.png */,
				E89FB5CC24E686A20004A2E7 /* textIcon.png */,
				E89FB5CD24E686A20004A2E7 /* bagIcon.png */,
			);
			path = whereIsItItem;
			sourceTree = SOURCE_ROOT;
		};
/* End PBXGroup section */

/* Begin PBXNativeTarget section */
		E89FB59224E686420004A2E7 /* whereIsIt */ = {
			isa = PBXNativeTarget;
			buildConfigurationList = E89FB5BF24E686430004A2E7 /* Build configuration list for PBXNativeTarget "whereIsIt" */;
			buildPhases = (
				21733D107DFCA5DCCE37C8E5 /* [CP] Check Pods Manifest.lock */,
				E89FB58F24E686420004A2E7 /* Sources */,
				E89FB59024E686420004A2E7 /* Frameworks */,
				E89FB59124E686420004A2E7 /* Resources */,
				9744BEE9EBE3DF09B345E451 /* [CP] Embed Pods Frameworks */,
			);
			buildRules = (
			);
			dependencies = (
			);
			name = whereIsIt;
			productName = whereIsIt;
			productReference = E89FB59324E686420004A2E7 /* whereIsIt.app */;
			productType = "com.apple.product-type.application";
		};
		E89FB5AA24E686430004A2E7 /* whereIsItTests */ = {
			isa = PBXNativeTarget;
			buildConfigurationList = E89FB5C224E686430004A2E7 /* Build configuration list for PBXNativeTarget "whereIsItTests" */;
			buildPhases = (
				E89FB5A724E686430004A2E7 /* Sources */,
				E89FB5A824E686430004A2E7 /* Frameworks */,
				E89FB5A924E686430004A2E7 /* Resources */,
			);
			buildRules = (
			);
			dependencies = (
				E89FB5AD24E686430004A2E7 /* PBXTargetDependency */,
			);
			name = whereIsItTests;
			productName = whereIsItTests;
			productReference = E89FB5AB24E686430004A2E7 /* whereIsItTests.xctest */;
			productType = "com.apple.product-type.bundle.unit-test";
		};
		E89FB5B524E686430004A2E7 /* whereIsItUITests */ = {
			isa = PBXNativeTarget;
			buildConfigurationList = E89FB5C524E686430004A2E7 /* Build configuration list for PBXNativeTarget "whereIsItUITests" */;
			buildPhases = (
				E89FB5B224E686430004A2E7 /* Sources */,
				E89FB5B324E686430004A2E7 /* Frameworks */,
				E89FB5B424E686430004A2E7 /* Resources */,
			);
			buildRules = (
			);
			dependencies = (
				E89FB5B824E686430004A2E7 /* PBXTargetDependency */,
			);
			name = whereIsItUITests;
			productName = whereIsItUITests;
			productReference = E89FB5B624E686430004A2E7 /* whereIsItUITests.xctest */;
			productType = "com.apple.product-type.bundle.ui-testing";
		};
/* End PBXNativeTarget section */

/* Begin PBXProject section */
		E89FB58B24E686420004A2E7 /* Project object */ = {
			isa = PBXProject;
			attributes = {
				LastSwiftUpdateCheck = 1160;
				LastUpgradeCheck = 1160;
				ORGANIZATIONNAME = Okemoto.Okke;
				TargetAttributes = {
					E89FB59224E686420004A2E7 = {
						CreatedOnToolsVersion = 11.6;
					};
					E89FB5AA24E686430004A2E7 = {
						CreatedOnToolsVersion = 11.6;
						TestTargetID = E89FB59224E686420004A2E7;
					};
					E89FB5B524E686430004A2E7 = {
						CreatedOnToolsVersion = 11.6;
						TestTargetID = E89FB59224E686420004A2E7;
					};
				};
			};
			buildConfigurationList = E89FB58E24E686420004A2E7 /* Build configuration list for PBXProject "whereIsIt" */;
			compatibilityVersion = "Xcode 9.3";
			developmentRegion = en;
			hasScannedForEncodings = 0;
			knownRegions = (
				en,
				Base,
			);
			mainGroup = E89FB58A24E686420004A2E7;
			productRefGroup = E89FB59424E686420004A2E7 /* Products */;
			projectDirPath = "";
			projectRoot = "";
			targets = (
				E89FB59224E686420004A2E7 /* whereIsIt */,
				E89FB5AA24E686430004A2E7 /* whereIsItTests */,
				E89FB5B524E686430004A2E7 /* whereIsItUITests */,
			);
		};
/* End PBXProject section */

/* Begin PBXResourcesBuildPhase section */
		E89FB59124E686420004A2E7 /* Resources */ = {
			isa = PBXResourcesBuildPhase;
			buildActionMask = 2147483647;
			files = (
				E89FB5A524E686430004A2E7 /* LaunchScreen.storyboard in Resources */,
				E89FB5D224E686A20004A2E7 /* bagIcon.png in Resources */,
				E89FB5CF24E686A20004A2E7 /* icon.png in Resources */,
				E89FB5D024E686A20004A2E7 /* rockerIcon.png in Resources */,
				E89FB5CE24E686A20004A2E7 /* bookInHouseIcon.png in Resources */,
				E89FB5A224E686430004A2E7 /* Assets.xcassets in Resources */,
				E89FB5A024E686420004A2E7 /* Main.storyboard in Resources */,
				E89FB5D124E686A20004A2E7 /* textIcon.png in Resources */,
				E8ADFEC824FA518800E95E4C /* dokoniaruLanchScreen.png in Resources */,
			);
			runOnlyForDeploymentPostprocessing = 0;
		};
		E89FB5A924E686430004A2E7 /* Resources */ = {
			isa = PBXResourcesBuildPhase;
			buildActionMask = 2147483647;
			files = (
			);
			runOnlyForDeploymentPostprocessing = 0;
		};
		E89FB5B424E686430004A2E7 /* Resources */ = {
			isa = PBXResourcesBuildPhase;
			buildActionMask = 2147483647;
			files = (
			);
			runOnlyForDeploymentPostprocessing = 0;
		};
/* End PBXResourcesBuildPhase section */

/* Begin PBXShellScriptBuildPhase section */
		21733D107DFCA5DCCE37C8E5 /* [CP] Check Pods Manifest.lock */ = {
			isa = PBXShellScriptBuildPhase;
			buildActionMask = 2147483647;
			files = (
			);
			inputFileListPaths = (
			);
			inputPaths = (
				"${PODS_PODFILE_DIR_PATH}/Podfile.lock",
				"${PODS_ROOT}/Manifest.lock",
			);
			name = "[CP] Check Pods Manifest.lock";
			outputFileListPaths = (
			);
			outputPaths = (
				"$(DERIVED_FILE_DIR)/Pods-whereIsIt-checkManifestLockResult.txt",
			);
			runOnlyForDeploymentPostprocessing = 0;
			shellPath = /bin/sh;
			shellScript = "diff \"${PODS_PODFILE_DIR_PATH}/Podfile.lock\" \"${PODS_ROOT}/Manifest.lock\" > /dev/null\nif [ $? != 0 ] ; then\n    # print error to STDERR\n    echo \"error: The sandbox is not in sync with the Podfile.lock. Run 'pod install' or update your CocoaPods installation.\" >&2\n    exit 1\nfi\n# This output is used by Xcode 'outputs' to avoid re-running this script phase.\necho \"SUCCESS\" > \"${SCRIPT_OUTPUT_FILE_0}\"\n";
			showEnvVarsInLog = 0;
		};
		9744BEE9EBE3DF09B345E451 /* [CP] Embed Pods Frameworks */ = {
			isa = PBXShellScriptBuildPhase;
			buildActionMask = 2147483647;
			files = (
			);
			inputFileListPaths = (
				"${PODS_ROOT}/Target Support Files/Pods-whereIsIt/Pods-whereIsIt-frameworks-${CONFIGURATION}-input-files.xcfilelist",
			);
			name = "[CP] Embed Pods Frameworks";
			outputFileListPaths = (
				"${PODS_ROOT}/Target Support Files/Pods-whereIsIt/Pods-whereIsIt-frameworks-${CONFIGURATION}-output-files.xcfilelist",
			);
			runOnlyForDeploymentPostprocessing = 0;
			shellPath = /bin/sh;
			shellScript = "\"${PODS_ROOT}/Target Support Files/Pods-whereIsIt/Pods-whereIsIt-frameworks.sh\"\n";
			showEnvVarsInLog = 0;
		};
/* End PBXShellScriptBuildPhase section */

/* Begin PBXSourcesBuildPhase section */
		E89FB58F24E686420004A2E7 /* Sources */ = {
			isa = PBXSourcesBuildPhase;
			buildActionMask = 2147483647;
			files = (
				E8ADFECC24FA54F800E95E4C /* HomeTextListViewController.swift in Sources */,
				E8ADFECA24FA547100E95E4C /* TextListViewController.swift in Sources */,
				E8ADFED024FA556500E95E4C /* BagTextListViewController.swift in Sources */,
				E851A9E525036E6500AE5CF5 /* AddTextNameToListViewController.swift in Sources */,
				E89FB59724E686420004A2E7 /* AppDelegate.swift in Sources */,
				E89FB59924E686420004A2E7 /* SceneDelegate.swift in Sources */,
				E8ADFECE24FA553E00E95E4C /* RockerListTextViewController.swift in Sources */,
				E851A9E72503A35E00AE5CF5 /* Realm.swift in Sources */,
			);
			runOnlyForDeploymentPostprocessing = 0;
		};
		E89FB5A724E686430004A2E7 /* Sources */ = {
			isa = PBXSourcesBuildPhase;
			buildActionMask = 2147483647;
			files = (
				E89FB5B024E686430004A2E7 /* whereIsItTests.swift in Sources */,
			);
			runOnlyForDeploymentPostprocessing = 0;
		};
		E89FB5B224E686430004A2E7 /* Sources */ = {
			isa = PBXSourcesBuildPhase;
			buildActionMask = 2147483647;
			files = (
				E89FB5BB24E686430004A2E7 /* whereIsItUITests.swift in Sources */,
			);
			runOnlyForDeploymentPostprocessing = 0;
		};
/* End PBXSourcesBuildPhase section */

/* Begin PBXTargetDependency section */
		E89FB5AD24E686430004A2E7 /* PBXTargetDependency */ = {
			isa = PBXTargetDependency;
			target = E89FB59224E686420004A2E7 /* whereIsIt */;
			targetProxy = E89FB5AC24E686430004A2E7 /* PBXContainerItemProxy */;
		};
		E89FB5B824E686430004A2E7 /* PBXTargetDependency */ = {
			isa = PBXTargetDependency;
			target = E89FB59224E686420004A2E7 /* whereIsIt */;
			targetProxy = E89FB5B724E686430004A2E7 /* PBXContainerItemProxy */;
		};
/* End PBXTargetDependency section */

/* Begin PBXVariantGroup section */
		E89FB59E24E686420004A2E7 /* Main.storyboard */ = {
			isa = PBXVariantGroup;
			children = (
				E89FB59F24E686420004A2E7 /* Base */,
			);
			name = Main.storyboard;
			sourceTree = "<group>";
		};
		E89FB5A324E686430004A2E7 /* LaunchScreen.storyboard */ = {
			isa = PBXVariantGroup;
			children = (
				E89FB5A424E686430004A2E7 /* Base */,
			);
			name = LaunchScreen.storyboard;
			sourceTree = "<group>";
		};
/* End PBXVariantGroup section */

/* Begin XCBuildConfiguration section */
		E89FB5BD24E686430004A2E7 /* Debug */ = {
			isa = XCBuildConfiguration;
			buildSettings = {
				ALWAYS_SEARCH_USER_PATHS = NO;
				CLANG_ANALYZER_NONNULL = YES;
				CLANG_ANALYZER_NUMBER_OBJECT_CONVERSION = YES_AGGRESSIVE;
				CLANG_CXX_LANGUAGE_STANDARD = "gnu++14";
				CLANG_CXX_LIBRARY = "libc++";
				CLANG_ENABLE_MODULES = YES;
				CLANG_ENABLE_OBJC_ARC = YES;
				CLANG_ENABLE_OBJC_WEAK = YES;
				CLANG_WARN_BLOCK_CAPTURE_AUTORELEASING = YES;
				CLANG_WARN_BOOL_CONVERSION = YES;
				CLANG_WARN_COMMA = YES;
				CLANG_WARN_CONSTANT_CONVERSION = YES;
				CLANG_WARN_DEPRECATED_OBJC_IMPLEMENTATIONS = YES;
				CLANG_WARN_DIRECT_OBJC_ISA_USAGE = YES_ERROR;
				CLANG_WARN_DOCUMENTATION_COMMENTS = YES;
				CLANG_WARN_EMPTY_BODY = YES;
				CLANG_WARN_ENUM_CONVERSION = YES;
				CLANG_WARN_INFINITE_RECURSION = YES;
				CLANG_WARN_INT_CONVERSION = YES;
				CLANG_WARN_NON_LITERAL_NULL_CONVERSION = YES;
				CLANG_WARN_OBJC_IMPLICIT_RETAIN_SELF = YES;
				CLANG_WARN_OBJC_LITERAL_CONVERSION = YES;
				CLANG_WARN_OBJC_ROOT_CLASS = YES_ERROR;
				CLANG_WARN_RANGE_LOOP_ANALYSIS = YES;
				CLANG_WARN_STRICT_PROTOTYPES = YES;
				CLANG_WARN_SUSPICIOUS_MOVE = YES;
				CLANG_WARN_UNGUARDED_AVAILABILITY = YES_AGGRESSIVE;
				CLANG_WARN_UNREACHABLE_CODE = YES;
				CLANG_WARN__DUPLICATE_METHOD_MATCH = YES;
				COPY_PHASE_STRIP = NO;
				DEBUG_INFORMATION_FORMAT = dwarf;
				ENABLE_STRICT_OBJC_MSGSEND = YES;
				ENABLE_TESTABILITY = YES;
				GCC_C_LANGUAGE_STANDARD = gnu11;
				GCC_DYNAMIC_NO_PIC = NO;
				GCC_NO_COMMON_BLOCKS = YES;
				GCC_OPTIMIZATION_LEVEL = 0;
				GCC_PREPROCESSOR_DEFINITIONS = (
					"DEBUG=1",
					"$(inherited)",
				);
				GCC_WARN_64_TO_32_BIT_CONVERSION = YES;
				GCC_WARN_ABOUT_RETURN_TYPE = YES_ERROR;
				GCC_WARN_UNDECLARED_SELECTOR = YES;
				GCC_WARN_UNINITIALIZED_AUTOS = YES_AGGRESSIVE;
				GCC_WARN_UNUSED_FUNCTION = YES;
				GCC_WARN_UNUSED_VARIABLE = YES;
				IPHONEOS_DEPLOYMENT_TARGET = 13.6;
				MTL_ENABLE_DEBUG_INFO = INCLUDE_SOURCE;
				MTL_FAST_MATH = YES;
				ONLY_ACTIVE_ARCH = YES;
				SDKROOT = iphoneos;
				SWIFT_ACTIVE_COMPILATION_CONDITIONS = DEBUG;
				SWIFT_OPTIMIZATION_LEVEL = "-Onone";
			};
			name = Debug;
		};
		E89FB5BE24E686430004A2E7 /* Release */ = {
			isa = XCBuildConfiguration;
			buildSettings = {
				ALWAYS_SEARCH_USER_PATHS = NO;
				CLANG_ANALYZER_NONNULL = YES;
				CLANG_ANALYZER_NUMBER_OBJECT_CONVERSION = YES_AGGRESSIVE;
				CLANG_CXX_LANGUAGE_STANDARD = "gnu++14";
				CLANG_CXX_LIBRARY = "libc++";
				CLANG_ENABLE_MODULES = YES;
				CLANG_ENABLE_OBJC_ARC = YES;
				CLANG_ENABLE_OBJC_WEAK = YES;
				CLANG_WARN_BLOCK_CAPTURE_AUTORELEASING = YES;
				CLANG_WARN_BOOL_CONVERSION = YES;
				CLANG_WARN_COMMA = YES;
				CLANG_WARN_CONSTANT_CONVERSION = YES;
				CLANG_WARN_DEPRECATED_OBJC_IMPLEMENTATIONS = YES;
				CLANG_WARN_DIRECT_OBJC_ISA_USAGE = YES_ERROR;
				CLANG_WARN_DOCUMENTATION_COMMENTS = YES;
				CLANG_WARN_EMPTY_BODY = YES;
				CLANG_WARN_ENUM_CONVERSION = YES;
				CLANG_WARN_INFINITE_RECURSION = YES;
				CLANG_WARN_INT_CONVERSION = YES;
				CLANG_WARN_NON_LITERAL_NULL_CONVERSION = YES;
				CLANG_WARN_OBJC_IMPLICIT_RETAIN_SELF = YES;
				CLANG_WARN_OBJC_LITERAL_CONVERSION = YES;
				CLANG_WARN_OBJC_ROOT_CLASS = YES_ERROR;
				CLANG_WARN_RANGE_LOOP_ANALYSIS = YES;
				CLANG_WARN_STRICT_PROTOTYPES = YES;
				CLANG_WARN_SUSPICIOUS_MOVE = YES;
				CLANG_WARN_UNGUARDED_AVAILABILITY = YES_AGGRESSIVE;
				CLANG_WARN_UNREACHABLE_CODE = YES;
				CLANG_WARN__DUPLICATE_METHOD_MATCH = YES;
				COPY_PHASE_STRIP = NO;
				DEBUG_INFORMATION_FORMAT = "dwarf-with-dsym";
				ENABLE_NS_ASSERTIONS = NO;
				ENABLE_STRICT_OBJC_MSGSEND = YES;
				GCC_C_LANGUAGE_STANDARD = gnu11;
				GCC_NO_COMMON_BLOCKS = YES;
				GCC_WARN_64_TO_32_BIT_CONVERSION = YES;
				GCC_WARN_ABOUT_RETURN_TYPE = YES_ERROR;
				GCC_WARN_UNDECLARED_SELECTOR = YES;
				GCC_WARN_UNINITIALIZED_AUTOS = YES_AGGRESSIVE;
				GCC_WARN_UNUSED_FUNCTION = YES;
				GCC_WARN_UNUSED_VARIABLE = YES;
				IPHONEOS_DEPLOYMENT_TARGET = 13.6;
				MTL_ENABLE_DEBUG_INFO = NO;
				MTL_FAST_MATH = YES;
				SDKROOT = iphoneos;
				SWIFT_COMPILATION_MODE = wholemodule;
				SWIFT_OPTIMIZATION_LEVEL = "-O";
				VALIDATE_PRODUCT = YES;
			};
			name = Release;
		};
		E89FB5C024E686430004A2E7 /* Debug */ = {
			isa = XCBuildConfiguration;
			baseConfigurationReference = 52D0E739E378ED4B98ACCBE8 /* Pods-whereIsIt.debug.xcconfig */;
			buildSettings = {
				ASSETCATALOG_COMPILER_APPICON_NAME = AppIcon;
				CODE_SIGN_STYLE = Automatic;
				DEVELOPMENT_TEAM = 73W3QDR29L;
				INFOPLIST_FILE = whereIsIt/Info.plist;
				LD_RUNPATH_SEARCH_PATHS = (
					"$(inherited)",
					"@executable_path/Frameworks",
				);
				PRODUCT_BUNDLE_IDENTIFIER = app.okemoto.okke.whereIsIt;
				PRODUCT_NAME = "$(TARGET_NAME)";
				SWIFT_VERSION = 5.0;
				TARGETED_DEVICE_FAMILY = "1,2";
			};
			name = Debug;
		};
		E89FB5C124E686430004A2E7 /* Release */ = {
			isa = XCBuildConfiguration;
			baseConfigurationReference = 50E279F880401734E2C5D3EE /* Pods-whereIsIt.release.xcconfig */;
			buildSettings = {
				ASSETCATALOG_COMPILER_APPICON_NAME = AppIcon;
				CODE_SIGN_STYLE = Automatic;
				DEVELOPMENT_TEAM = 73W3QDR29L;
				INFOPLIST_FILE = whereIsIt/Info.plist;
				LD_RUNPATH_SEARCH_PATHS = (
					"$(inherited)",
					"@executable_path/Frameworks",
				);
				PRODUCT_BUNDLE_IDENTIFIER = app.okemoto.okke.whereIsIt;
				PRODUCT_NAME = "$(TARGET_NAME)";
				SWIFT_VERSION = 5.0;
				TARGETED_DEVICE_FAMILY = "1,2";
			};
			name = Release;
		};
		E89FB5C324E686430004A2E7 /* Debug */ = {
			isa = XCBuildConfiguration;
			buildSettings = {
				ALWAYS_EMBED_SWIFT_STANDARD_LIBRARIES = YES;
				BUNDLE_LOADER = "$(TEST_HOST)";
				CODE_SIGN_STYLE = Automatic;
				INFOPLIST_FILE = whereIsItTests/Info.plist;
				IPHONEOS_DEPLOYMENT_TARGET = 13.6;
				LD_RUNPATH_SEARCH_PATHS = (
					"$(inherited)",
					"@executable_path/Frameworks",
					"@loader_path/Frameworks",
				);
				PRODUCT_BUNDLE_IDENTIFIER = app.okemoto.okke.whereIsItTests;
				PRODUCT_NAME = "$(TARGET_NAME)";
				SWIFT_VERSION = 5.0;
				TARGETED_DEVICE_FAMILY = "1,2";
				TEST_HOST = "$(BUILT_PRODUCTS_DIR)/whereIsIt.app/whereIsIt";
			};
			name = Debug;
		};
		E89FB5C424E686430004A2E7 /* Release */ = {
			isa = XCBuildConfiguration;
			buildSettings = {
				ALWAYS_EMBED_SWIFT_STANDARD_LIBRARIES = YES;
				BUNDLE_LOADER = "$(TEST_HOST)";
				CODE_SIGN_STYLE = Automatic;
				INFOPLIST_FILE = whereIsItTests/Info.plist;
				IPHONEOS_DEPLOYMENT_TARGET = 13.6;
				LD_RUNPATH_SEARCH_PATHS = (
					"$(inherited)",
					"@executable_path/Frameworks",
					"@loader_path/Frameworks",
				);
				PRODUCT_BUNDLE_IDENTIFIER = app.okemoto.okke.whereIsItTests;
				PRODUCT_NAME = "$(TARGET_NAME)";
				SWIFT_VERSION = 5.0;
				TARGETED_DEVICE_FAMILY = "1,2";
				TEST_HOST = "$(BUILT_PRODUCTS_DIR)/whereIsIt.app/whereIsIt";
			};
			name = Release;
		};
		E89FB5C624E686430004A2E7 /* Debug */ = {
			isa = XCBuildConfiguration;
			buildSettings = {
				ALWAYS_EMBED_SWIFT_STANDARD_LIBRARIES = YES;
				CODE_SIGN_STYLE = Automatic;
				INFOPLIST_FILE = whereIsItUITests/Info.plist;
				LD_RUNPATH_SEARCH_PATHS = (
					"$(inherited)",
					"@executable_path/Frameworks",
					"@loader_path/Frameworks",
				);
				PRODUCT_BUNDLE_IDENTIFIER = app.okemoto.okke.whereIsItUITests;
				PRODUCT_NAME = "$(TARGET_NAME)";
				SWIFT_VERSION = 5.0;
				TARGETED_DEVICE_FAMILY = "1,2";
				TEST_TARGET_NAME = whereIsIt;
			};
			name = Debug;
		};
		E89FB5C724E686430004A2E7 /* Release */ = {
			isa = XCBuildConfiguration;
			buildSettings = {
				ALWAYS_EMBED_SWIFT_STANDARD_LIBRARIES = YES;
				CODE_SIGN_STYLE = Automatic;
				INFOPLIST_FILE = whereIsItUITests/Info.plist;
				LD_RUNPATH_SEARCH_PATHS = (
					"$(inherited)",
					"@executable_path/Frameworks",
					"@loader_path/Frameworks",
				);
				PRODUCT_BUNDLE_IDENTIFIER = app.okemoto.okke.whereIsItUITests;
				PRODUCT_NAME = "$(TARGET_NAME)";
				SWIFT_VERSION = 5.0;
				TARGETED_DEVICE_FAMILY = "1,2";
				TEST_TARGET_NAME = whereIsIt;
			};
			name = Release;
		};
/* End XCBuildConfiguration section */

/* Begin XCConfigurationList section */
		E89FB58E24E686420004A2E7 /* Build configuration list for PBXProject "whereIsIt" */ = {
			isa = XCConfigurationList;
			buildConfigurations = (
				E89FB5BD24E686430004A2E7 /* Debug */,
				E89FB5BE24E686430004A2E7 /* Release */,
			);
			defaultConfigurationIsVisible = 0;
			defaultConfigurationName = Release;
		};
		E89FB5BF24E686430004A2E7 /* Build configuration list for PBXNativeTarget "whereIsIt" */ = {
			isa = XCConfigurationList;
			buildConfigurations = (
				E89FB5C024E686430004A2E7 /* Debug */,
				E89FB5C124E686430004A2E7 /* Release */,
			);
			defaultConfigurationIsVisible = 0;
			defaultConfigurationName = Release;
		};
		E89FB5C224E686430004A2E7 /* Build configuration list for PBXNativeTarget "whereIsItTests" */ = {
			isa = XCConfigurationList;
			buildConfigurations = (
				E89FB5C324E686430004A2E7 /* Debug */,
				E89FB5C424E686430004A2E7 /* Release */,
			);
			defaultConfigurationIsVisible = 0;
			defaultConfigurationName = Release;
		};
		E89FB5C524E686430004A2E7 /* Build configuration list for PBXNativeTarget "whereIsItUITests" */ = {
			isa = XCConfigurationList;
			buildConfigurations = (
				E89FB5C624E686430004A2E7 /* Debug */,
				E89FB5C724E686430004A2E7 /* Release */,
			);
			defaultConfigurationIsVisible = 0;
			defaultConfigurationName = Release;
		};
/* End XCConfigurationList section */
	};
	rootObject = E89FB58B24E686420004A2E7 /* Project object */;
}
